
Microsoft Visual Studio Solution File, Format Version 10.00
# Visual Studio 2008
Project("{8BC9CEB8-8B4A-11D0-8D11-00A0C91BC942}") = "TtoCtrlPlatform", "TtoCtrlPlatform\TtoCtrlPlatform.vcproj", "{347256BD-5BAD-49E2-A91D-F9708B7DC526}"
EndProject
Global
	GlobalSection(SolutionConfigurationPlatforms) = preSolution
		Debug|Pocket PC 2003 (ARMV4) = Debug|Pocket PC 2003 (ARMV4)
		Debug|Win32 = Debug|Win32
		Release|Pocket PC 2003 (ARMV4) = Release|Pocket PC 2003 (ARMV4)
		Release|Win32 = Release|Win32
	EndGlobalSection
	GlobalSection(ProjectConfigurationPlatforms) = postSolution
		{347256BD-5BAD-49E2-A91D-F9708B7DC526}.Debug|Pocket PC 2003 (ARMV4).ActiveCfg = Debug|Win32
		{347256BD-5BAD-49E2-A91D-F9708B7DC526}.Debug|Pocket PC 2003 (ARMV4).Build.0 = Debug|Win32
		{347256BD-5BAD-49E2-A91D-F9708B7DC526}.Debug|Pocket PC 2003 (ARMV4).Deploy.0 = Debug|Win32
		{347256BD-5BAD-49E2-A91D-F9708B7DC526}.Debug|Win32.ActiveCfg = Debug|Win32
		{347256BD-5BAD-49E2-A91D-F9708B7DC526}.Debug|Win32.Build.0 = Debug|Win32
		{347256BD-5BAD-49E2-A91D-F9708B7DC526}.Release|Pocket PC 2003 (ARMV4).ActiveCfg = Release|Win32
		{347256BD-5BAD-49E2-A91D-F9708B7DC526}.Release|Win32.ActiveCfg = Release|Win32
		{347256BD-5BAD-49E2-A91D-F9708B7DC526}.Release|Win32.Build.0 = Release|Win32
	EndGlobalSection
	GlobalSection(SolutionProperties) = preSolution
		HideSolutionNode = FALSE
	EndGlobalSection
EndGlobal
